
Microsoft Visual Studio Solution File, Format Version 12.00
# Visual Studio 14
VisualStudioVersion = 14.0.25420.1
MinimumVisualStudioVersion = 10.0.40219.1
Project("{FAE04EC0-301F-11D3-BF4B-00C04F79EFBC}") = "QuadrusMotorCompany", "QuadrusMotorCompany\QuadrusMotorCompany.csproj", "{55649B39-6CBD-4001-BC4C-AF2546C10C0D}"
EndProject
Project("{FAE04EC0-301F-11D3-BF4B-00C04F79EFBC}") = "QuadrusMotorCompany.Tests", "QuadrusMotorCompany.Tests\QuadrusMotorCompany.Tests.csproj", "{D5F7611D-BD3D-4986-9CD3-B8A85192C8F8}"
EndProject
Global
	GlobalSection(SolutionConfigurationPlatforms) = preSolution
		Debug|Any CPU = Debug|Any CPU
		Release|Any CPU = Release|Any CPU
	EndGlobalSection
	GlobalSection(ProjectConfigurationPlatforms) = postSolution
		{55649B39-6CBD-4001-BC4C-AF2546C10C0D}.Debug|Any CPU.ActiveCfg = Debug|Any CPU
		{55649B39-6CBD-4001-BC4C-AF2546C10C0D}.Debug|Any CPU.Build.0 = Debug|Any CPU
		{55649B39-6CBD-4001-BC4C-AF2546C10C0D}.Release|Any CPU.ActiveCfg = Release|Any CPU
		{55649B39-6CBD-4001-BC4C-AF2546C10C0D}.Release|Any CPU.Build.0 = Release|Any CPU
		{D5F7611D-BD3D-4986-9CD3-B8A85192C8F8}.Debug|Any CPU.ActiveCfg = Debug|Any CPU
		{D5F7611D-BD3D-4986-9CD3-B8A85192C8F8}.Debug|Any CPU.Build.0 = Debug|Any CPU
		{D5F7611D-BD3D-4986-9CD3-B8A85192C8F8}.Release|Any CPU.ActiveCfg = Release|Any CPU
		{D5F7611D-BD3D-4986-9CD3-B8A85192C8F8}.Release|Any CPU.Build.0 = Release|Any CPU
	EndGlobalSection
	GlobalSection(SolutionProperties) = preSolution
		HideSolutionNode = FALSE
	EndGlobalSection
EndGlobal
